
Microsoft Visual Studio Solution File, Format Version 12.00
# Visual Studio 2013
VisualStudioVersion = 12.0.21005.1
MinimumVisualStudioVersion = 10.0.40219.1
Project("{FAE04EC0-301F-11D3-BF4B-00C04F79EFBC}") = "ShufflableDeck", "ShufflableDeck\ShufflableDeck.csproj", "{2C20D353-E147-49B2-89D0-0A81B657314B}"
EndProject
Project("{FAE04EC0-301F-11D3-BF4B-00C04F79EFBC}") = "ShufflableDeckUnitTests", "ShufflableDeckUnitTests\ShufflableDeckUnitTests.csproj", "{BD019F3B-7D94-4333-A3BC-6D2C570D7CEF}"
EndProject
Global
	GlobalSection(SolutionConfigurationPlatforms) = preSolution
		Debug|Any CPU = Debug|Any CPU
		Release|Any CPU = Release|Any CPU
	EndGlobalSection
	GlobalSection(ProjectConfigurationPlatforms) = postSolution
		{2C20D353-E147-49B2-89D0-0A81B657314B}.Debug|Any CPU.ActiveCfg = Debug|Any CPU
		{2C20D353-E147-49B2-89D0-0A81B657314B}.Debug|Any CPU.Build.0 = Debug|Any CPU
		{2C20D353-E147-49B2-89D0-0A81B657314B}.Release|Any CPU.ActiveCfg = Release|Any CPU
		{2C20D353-E147-49B2-89D0-0A81B657314B}.Release|Any CPU.Build.0 = Release|Any CPU
		{BD019F3B-7D94-4333-A3BC-6D2C570D7CEF}.Debug|Any CPU.ActiveCfg = Debug|Any CPU
		{BD019F3B-7D94-4333-A3BC-6D2C570D7CEF}.Debug|Any CPU.Build.0 = Debug|Any CPU
		{BD019F3B-7D94-4333-A3BC-6D2C570D7CEF}.Release|Any CPU.ActiveCfg = Release|Any CPU
		{BD019F3B-7D94-4333-A3BC-6D2C570D7CEF}.Release|Any CPU.Build.0 = Release|Any CPU
	EndGlobalSection
	GlobalSection(SolutionProperties) = preSolution
		HideSolutionNode = FALSE
	EndGlobalSection
EndGlobal
